Microsoft Visual Studio Solution File, Format Version 12.00
# Visual Studio 15
VisualStudioVersion = 15.0.28307.421
MinimumVisualStudioVersion = 10.0.40219.1
Project("{2150E333-8FDC-42A3-9474-1A3956D46DE8}") = "1_demo_qtactiveqt", "1_demo_qtactiveqt", "{092CA4BE-B962-4D5E-9EA0-2173DF826A62}"
EndProject
Project("{2150E333-8FDC-42A3-9474-1A3956D46DE8}") = "examples", "examples", "{A787F260-EE5A-49E4-9C72-174709704392}"
EndProject
Project("{8BC9CEB8-8B4A-11D0-8D11-00A0C91BC942}") = "comapp", "demo\qtactiveqt\examples\comapp\comapp.vcxproj", "{2BE265BD-CF43-369A-93E0-41E5C50B5BDA}"
EndProject
Project("{8BC9CEB8-8B4A-11D0-8D11-00A0C91BC942}") = "hierarchyax", "demo\qtactiveqt\examples\hierarchy\hierarchyax.vcxproj", "{94B03825-76BA-3285-A688-D23D1D1F2663}"
EndProject
Project("{8BC9CEB8-8B4A-11D0-8D11-00A0C91BC942}") = "menusax", "demo\qtactiveqt\examples\menus\menusax.vcxproj", "{06638B52-8738-3206-A152-D1210FC44ACD}"
EndProject
Project("{8BC9CEB8-8B4A-11D0-8D11-00A0C91BC942}") = "multipleax", "demo\qtactiveqt\examples\multiple\multipleax.vcxproj", "{C13069C5-A823-3851-98B5-E6F6666264E1}"
EndProject
Project("{8BC9CEB8-8B4A-11D0-8D11-00A0C91BC942}") = "simpleax", "demo\qtactiveqt\examples\simple\simpleax.vcxproj", "{A298CF23-DCF3-336A-A4D2-76D200524D7B}"
EndProject
Project("{8BC9CEB8-8B4A-11D0-8D11-00A0C91BC942}") = "wrapperax", "demo\qtactiveqt\examples\wrapper\wrapperax.vcxproj", "{98B1825D-5B89-3925-B559-90D282287056}"
EndProject
Project("{8BC9CEB8-8B4A-11D0-8D11-00A0C91BC942}") = "webbrowser", "demo\qtactiveqt\examples\webbrowser\webbrowser.vcxproj", "{D0817C73-5AB0-32E2-ADDA-757991D12776}"
EndProject
Project("{8BC9CEB8-8B4A-11D0-8D11-00A0C91BC942}") = "simpleqmlax", "demo\qtactiveqt\examples\simpleqml\simpleqmlax.vcxproj", "{21B1E38E-D997-3E9C-9EB4-7E665C1124EC}"
EndProject
Project("{2150E333-8FDC-42A3-9474-1A3956D46DE8}") = "1_dll", "1_dll", "{4B33250A-723B-429D-AAE5-3714B6C4F186}"
EndProject
Project("{2150E333-8FDC-42A3-9474-1A3956D46DE8}") = "2_exe", "2_exe", "{7691CCFC-31D1-4303-8966-F7DCF3348DF6}"
EndProject
Project("{2150E333-8FDC-42A3-9474-1A3956D46DE8}") = "tests", "tests", "{5FEF0002-1100-474C-9B68-A92B104ABD80}"
EndProject
Project("{8BC9CEB8-8B4A-11D0-8D11-00A0C91BC942}") = "conversion", "demo\qtactiveqt\tests\auto\conversion\conversion.vcxproj", "{5C1BB64E-4D61-3937-BA14-A0E95FF51BF4}"
EndProject
Project("{8BC9CEB8-8B4A-11D0-8D11-00A0C91BC942}") = "qaxobject", "demo\qtactiveqt\tests\auto\qaxobject\qaxobject.vcxproj", "{DFDC6180-7E4C-37F8-9E28-1BB1000CB1D1}"
EndProject
Project("{8BC9CEB8-8B4A-11D0-8D11-00A0C91BC942}") = "qaxscript", "demo\qtactiveqt\tests\auto\qaxscript\qaxscript.vcxproj", "{8EBA20AA-95A0-3CD8-9EA1-5E3DD908AF13}"
EndProject
Project("{8BC9CEB8-8B4A-11D0-8D11-00A0C91BC942}") = "tst_dumpcpp", "demo\qtactiveqt\tests\auto\dumpcpp\tst_dumpcpp.vcxproj", "{354F40DC-E103-3EC6-8FF9-5FE9F636F79C}"
EndProject
Project("{2150E333-8FDC-42A3-9474-1A3956D46DE8}") = "3_error", "3_error", "{C4D33448-0599-48EB-9431-02308679E4DB}"
EndProject
Project("{2150E333-8FDC-42A3-9474-1A3956D46DE8}") = "2_exe", "2_exe", "{EDE3AB21-5BCC-40DD-850C-6634B322D727}"
EndProject
Global
	GlobalSection(SolutionConfigurationPlatforms) = preSolution
		Debug|x64 = Debug|x64
		Release|x64 = Release|x64
	EndGlobalSection
	GlobalSection(ProjectConfigurationPlatforms) = postSolution
		{2BE265BD-CF43-369A-93E0-41E5C50B5BDA}.Debug|x64.ActiveCfg = Debug|x64
		{2BE265BD-CF43-369A-93E0-41E5C50B5BDA}.Debug|x64.Build.0 = Debug|x64
		{2BE265BD-CF43-369A-93E0-41E5C50B5BDA}.Release|x64.ActiveCfg = Release|x64
		{2BE265BD-CF43-369A-93E0-41E5C50B5BDA}.Release|x64.Build.0 = Release|x64
		{94B03825-76BA-3285-A688-D23D1D1F2663}.Debug|x64.ActiveCfg = Debug|x64
		{94B03825-76BA-3285-A688-D23D1D1F2663}.Debug|x64.Build.0 = Debug|x64
		{94B03825-76BA-3285-A688-D23D1D1F2663}.Release|x64.ActiveCfg = Release|x64
		{94B03825-76BA-3285-A688-D23D1D1F2663}.Release|x64.Build.0 = Release|x64
		{06638B52-8738-3206-A152-D1210FC44ACD}.Debug|x64.ActiveCfg = Debug|x64
		{06638B52-8738-3206-A152-D1210FC44ACD}.Debug|x64.Build.0 = Debug|x64
		{06638B52-8738-3206-A152-D1210FC44ACD}.Release|x64.ActiveCfg = Release|x64
		{06638B52-8738-3206-A152-D1210FC44ACD}.Release|x64.Build.0 = Release|x64
		{C13069C5-A823-3851-98B5-E6F6666264E1}.Debug|x64.ActiveCfg = Debug|x64
		{C13069C5-A823-3851-98B5-E6F6666264E1}.Debug|x64.Build.0 = Debug|x64
		{C13069C5-A823-3851-98B5-E6F6666264E1}.Release|x64.ActiveCfg = Release|x64
		{C13069C5-A823-3851-98B5-E6F6666264E1}.Release|x64.Build.0 = Release|x64
		{A298CF23-DCF3-336A-A4D2-76D200524D7B}.Debug|x64.ActiveCfg = Debug|x64
		{A298CF23-DCF3-336A-A4D2-76D200524D7B}.Debug|x64.Build.0 = Debug|x64
		{A298CF23-DCF3-336A-A4D2-76D200524D7B}.Release|x64.ActiveCfg = Release|x64
		{A298CF23-DCF3-336A-A4D2-76D200524D7B}.Release|x64.Build.0 = Release|x64
		{98B1825D-5B89-3925-B559-90D282287056}.Debug|x64.ActiveCfg = Debug|x64
		{98B1825D-5B89-3925-B559-90D282287056}.Debug|x64.Build.0 = Debug|x64
		{98B1825D-5B89-3925-B559-90D282287056}.Release|x64.ActiveCfg = Release|x64
		{98B1825D-5B89-3925-B559-90D282287056}.Release|x64.Build.0 = Release|x64
		{D0817C73-5AB0-32E2-ADDA-757991D12776}.Debug|x64.ActiveCfg = Debug|x64
		{D0817C73-5AB0-32E2-ADDA-757991D12776}.Debug|x64.Build.0 = Debug|x64
		{D0817C73-5AB0-32E2-ADDA-757991D12776}.Release|x64.ActiveCfg = Release|x64
		{D0817C73-5AB0-32E2-ADDA-757991D12776}.Release|x64.Build.0 = Release|x64
		{21B1E38E-D997-3E9C-9EB4-7E665C1124EC}.Debug|x64.ActiveCfg = Debug|x64
		{21B1E38E-D997-3E9C-9EB4-7E665C1124EC}.Debug|x64.Build.0 = Debug|x64
		{21B1E38E-D997-3E9C-9EB4-7E665C1124EC}.Release|x64.ActiveCfg = Release|x64
		{21B1E38E-D997-3E9C-9EB4-7E665C1124EC}.Release|x64.Build.0 = Release|x64
		{5C1BB64E-4D61-3937-BA14-A0E95FF51BF4}.Debug|x64.ActiveCfg = Debug|x64
		{5C1BB64E-4D61-3937-BA14-A0E95FF51BF4}.Debug|x64.Build.0 = Debug|x64
		{5C1BB64E-4D61-3937-BA14-A0E95FF51BF4}.Release|x64.ActiveCfg = Release|x64
		{5C1BB64E-4D61-3937-BA14-A0E95FF51BF4}.Release|x64.Build.0 = Release|x64
		{DFDC6180-7E4C-37F8-9E28-1BB1000CB1D1}.Debug|x64.ActiveCfg = Debug|x64
		{DFDC6180-7E4C-37F8-9E28-1BB1000CB1D1}.Debug|x64.Build.0 = Debug|x64
		{DFDC6180-7E4C-37F8-9E28-1BB1000CB1D1}.Release|x64.ActiveCfg = Release|x64
		{DFDC6180-7E4C-37F8-9E28-1BB1000CB1D1}.Release|x64.Build.0 = Release|x64
		{8EBA20AA-95A0-3CD8-9EA1-5E3DD908AF13}.Debug|x64.ActiveCfg = Debug|x64
		{8EBA20AA-95A0-3CD8-9EA1-5E3DD908AF13}.Debug|x64.Build.0 = Debug|x64
		{8EBA20AA-95A0-3CD8-9EA1-5E3DD908AF13}.Release|x64.ActiveCfg = Release|x64
		{8EBA20AA-95A0-3CD8-9EA1-5E3DD908AF13}.Release|x64.Build.0 = Release|x64
		{354F40DC-E103-3EC6-8FF9-5FE9F636F79C}.Debug|x64.ActiveCfg = Debug|x64
		{354F40DC-E103-3EC6-8FF9-5FE9F636F79C}.Debug|x64.Build.0 = Debug|x64
		{354F40DC-E103-3EC6-8FF9-5FE9F636F79C}.Release|x64.ActiveCfg = Release|x64
		{354F40DC-E103-3EC6-8FF9-5FE9F636F79C}.Release|x64.Build.0 = Release|x64
	EndGlobalSection
	GlobalSection(SolutionProperties) = preSolution
		HideSolutionNode = FALSE
	EndGlobalSection
	GlobalSection(NestedProjects) = preSolution
		{A787F260-EE5A-49E4-9C72-174709704392} = {092CA4BE-B962-4D5E-9EA0-2173DF826A62}
		{2BE265BD-CF43-369A-93E0-41E5C50B5BDA} = {7691CCFC-31D1-4303-8966-F7DCF3348DF6}
		{94B03825-76BA-3285-A688-D23D1D1F2663} = {4B33250A-723B-429D-AAE5-3714B6C4F186}
		{06638B52-8738-3206-A152-D1210FC44ACD} = {7691CCFC-31D1-4303-8966-F7DCF3348DF6}
		{C13069C5-A823-3851-98B5-E6F6666264E1} = {4B33250A-723B-429D-AAE5-3714B6C4F186}
		{A298CF23-DCF3-336A-A4D2-76D200524D7B} = {7691CCFC-31D1-4303-8966-F7DCF3348DF6}
		{98B1825D-5B89-3925-B559-90D282287056} = {4B33250A-723B-429D-AAE5-3714B6C4F186}
		{D0817C73-5AB0-32E2-ADDA-757991D12776} = {7691CCFC-31D1-4303-8966-F7DCF3348DF6}
		{21B1E38E-D997-3E9C-9EB4-7E665C1124EC} = {7691CCFC-31D1-4303-8966-F7DCF3348DF6}
		{4B33250A-723B-429D-AAE5-3714B6C4F186} = {A787F260-EE5A-49E4-9C72-174709704392}
		{7691CCFC-31D1-4303-8966-F7DCF3348DF6} = {A787F260-EE5A-49E4-9C72-174709704392}
		{5FEF0002-1100-474C-9B68-A92B104ABD80} = {092CA4BE-B962-4D5E-9EA0-2173DF826A62}
		{5C1BB64E-4D61-3937-BA14-A0E95FF51BF4} = {EDE3AB21-5BCC-40DD-850C-6634B322D727}
		{DFDC6180-7E4C-37F8-9E28-1BB1000CB1D1} = {EDE3AB21-5BCC-40DD-850C-6634B322D727}
		{8EBA20AA-95A0-3CD8-9EA1-5E3DD908AF13} = {EDE3AB21-5BCC-40DD-850C-6634B322D727}
		{354F40DC-E103-3EC6-8FF9-5FE9F636F79C} = {C4D33448-0599-48EB-9431-02308679E4DB}
		{C4D33448-0599-48EB-9431-02308679E4DB} = {5FEF0002-1100-474C-9B68-A92B104ABD80}
		{EDE3AB21-5BCC-40DD-850C-6634B322D727} = {5FEF0002-1100-474C-9B68-A92B104ABD80}
	EndGlobalSection
	GlobalSection(ExtensibilityGlobals) = postSolution
		Qt5Version = 5.9.6_msvc2017_64
		SolutionGuid = {99EB62E2-6A22-4DEF-8CC7-589FC38AA5C8}
	EndGlobalSection
EndGlobal
