Microsoft Visual Studio Solution File, Format Version 12.00
# Visual Studio 2017
Project("{8BC9CEB8-8B4A-11D0-8D11-00A0C91BC942}") = "commandthroughput", "F:/qt/Src/qtcanvas3d/tests/manual/commandthroughput\commandthroughput.vcxproj", "{1C9A8AE1-304E-3F84-83F5-6A90CE3692BF}"
EndProject
Project("{8BC9CEB8-8B4A-11D0-8D11-00A0C91BC942}") = "multiwindowtest", "F:/qt/Src/qtcanvas3d/tests/manual/multiwindowtest\multiwindowtest.vcxproj", "{AE2BBF26-4B6B-3CCE-B639-83CB548D1763}"
EndProject
Global
	GlobalSection(SolutionConfigurationPlatforms) = preSolution
		Debug|x64 = Debug|x64
		Release|x64 = Release|x64
	EndGlobalSection
	GlobalSection(ProjectConfigurationPlatforms) = postSolution
		{1C9A8AE1-304E-3F84-83F5-6A90CE3692BF}.Debug|x64.ActiveCfg = Debug|x64
		{1C9A8AE1-304E-3F84-83F5-6A90CE3692BF}.Debug|x64.Build.0 = Debug|x64
		{1C9A8AE1-304E-3F84-83F5-6A90CE3692BF}.Release|x64.ActiveCfg = Release|x64
		{1C9A8AE1-304E-3F84-83F5-6A90CE3692BF}.Release|x64.Build.0 = Release|x64
		{AE2BBF26-4B6B-3CCE-B639-83CB548D1763}.Debug|x64.ActiveCfg = Debug|x64
		{AE2BBF26-4B6B-3CCE-B639-83CB548D1763}.Debug|x64.Build.0 = Debug|x64
		{AE2BBF26-4B6B-3CCE-B639-83CB548D1763}.Release|x64.ActiveCfg = Release|x64
		{AE2BBF26-4B6B-3CCE-B639-83CB548D1763}.Release|x64.Build.0 = Release|x64
	EndGlobalSection
	GlobalSection(ExtensibilityGlobals) = postSolution
	EndGlobalSection
	GlobalSection(ExtensibilityAddIns) = postSolution
	EndGlobalSection
EndGlobal