Microsoft Visual Studio Solution File, Format Version 12.00
# Visual Studio 2017
Project("{8BC9CEB8-8B4A-11D0-8D11-00A0C91BC942}") = "tst_qscriptable", "F:/qt/Src/qtscript/tests/auto/qscriptable\tst_qscriptable.vcxproj", "{2BF7B4F9-5A4F-3CD7-8EA8-3A1B0E33EB43}"
EndProject
Project("{8BC9CEB8-8B4A-11D0-8D11-00A0C91BC942}") = "tst_qscriptclass", "F:/qt/Src/qtscript/tests/auto/qscriptclass\tst_qscriptclass.vcxproj", "{EADB6155-9F47-33B7-97F3-7C8035EA073F}"
EndProject
Project("{8BC9CEB8-8B4A-11D0-8D11-00A0C91BC942}") = "tst_qscriptcontextinfo", "F:/qt/Src/qtscript/tests/auto/qscriptcontextinfo\tst_qscriptcontextinfo.vcxproj", "{8A300591-6BFD-3487-A35E-E74F50A2B278}"
EndProject
Project("{8BC9CEB8-8B4A-11D0-8D11-00A0C91BC942}") = "tst_qscriptengine", "F:/qt/Src/qtscript/tests/auto/qscriptengine\tst_qscriptengine.vcxproj", "{F3051BCF-FE2D-3609-8EDB-F93534A60DA2}"
EndProject
Project("{8BC9CEB8-8B4A-11D0-8D11-00A0C91BC942}") = "tst_qscriptenginedebugger", "F:/qt/Src/qtscript/tests/auto/qscriptenginedebugger\tst_qscriptenginedebugger.vcxproj", "{53856A2A-18AF-3004-9404-D3C0B6FDC40E}"
EndProject
Project("{8BC9CEB8-8B4A-11D0-8D11-00A0C91BC942}") = "simpleplugin", "F:/qt/Src/qtscript/tests/auto/qscriptextensionplugin/simpleplugin\simpleplugin.vcxproj", "{F97297DE-0028-3483-856A-E54AF3BECF5C}"
EndProject
Project("{8BC9CEB8-8B4A-11D0-8D11-00A0C91BC942}") = "staticplugin", "F:/qt/Src/qtscript/tests/auto/qscriptextensionplugin/staticplugin\staticplugin.vcxproj", "{829CA847-82EB-39A9-9E75-9ACDBD2A286B}"
EndProject
Project("{8BC9CEB8-8B4A-11D0-8D11-00A0C91BC942}") = "tst_qscriptextensionplugin", "F:/qt/Src/qtscript/tests/auto/qscriptextensionplugin/test\tst_qscriptextensionplugin.vcxproj", "{4DACE961-BB29-3DD1-8A6C-19E02D62552E}"
	ProjectSection(ProjectDependencies) = postProject
		{F97297DE-0028-3483-856A-E54AF3BECF5C} = {F97297DE-0028-3483-856A-E54AF3BECF5C}
		{829CA847-82EB-39A9-9E75-9ACDBD2A286B} = {829CA847-82EB-39A9-9E75-9ACDBD2A286B}
		{829CA847-82EB-39A9-9E75-9ACDBD2A286B} = {829CA847-82EB-39A9-9E75-9ACDBD2A286B}
	EndProjectSection
EndProject
Project("{8BC9CEB8-8B4A-11D0-8D11-00A0C91BC942}") = "tst_qscriptextqobject", "F:/qt/Src/qtscript/tests/auto/qscriptextqobject\tst_qscriptextqobject.vcxproj", "{12B6EFF7-D3E4-326D-BCF5-451AC86441D8}"
EndProject
Project("{8BC9CEB8-8B4A-11D0-8D11-00A0C91BC942}") = "tst_qscriptjstestsuite", "F:/qt/Src/qtscript/tests/auto/qscriptjstestsuite\tst_qscriptjstestsuite.vcxproj", "{853C2012-EB82-3DF9-A459-D06D0FF938E7}"
EndProject
Project("{8BC9CEB8-8B4A-11D0-8D11-00A0C91BC942}") = "tst_qscriptstring", "F:/qt/Src/qtscript/tests/auto/qscriptstring\tst_qscriptstring.vcxproj", "{412F79C6-E5EE-3C28-BF5D-14DA2682778C}"
EndProject
Project("{8BC9CEB8-8B4A-11D0-8D11-00A0C91BC942}") = "tst_qscriptv8testsuite", "F:/qt/Src/qtscript/tests/auto/qscriptv8testsuite\tst_qscriptv8testsuite.vcxproj", "{6AF733B7-01B8-3A0B-9D11-5F3F868F4630}"
EndProject
Project("{8BC9CEB8-8B4A-11D0-8D11-00A0C91BC942}") = "tst_qscriptvalue", "F:/qt/Src/qtscript/tests/auto/qscriptvalue\tst_qscriptvalue.vcxproj", "{4B7770C3-7D7D-3C7B-99BE-37BF4E1ACFB9}"
EndProject
Project("{8BC9CEB8-8B4A-11D0-8D11-00A0C91BC942}") = "tst_qscriptvaluegenerated", "F:/qt/Src/qtscript/tests/auto/qscriptvaluegenerated\tst_qscriptvaluegenerated.vcxproj", "{E148AFC0-9876-3787-B4DD-4798CFD9A1FD}"
EndProject
Project("{8BC9CEB8-8B4A-11D0-8D11-00A0C91BC942}") = "tst_qscriptvalueiterator", "F:/qt/Src/qtscript/tests/auto/qscriptvalueiterator\tst_qscriptvalueiterator.vcxproj", "{25D6E387-6FFE-3D8D-9D2E-448DF2A411C2}"
EndProject
Project("{8BC9CEB8-8B4A-11D0-8D11-00A0C91BC942}") = "tst_qscriptqwidgets", "F:/qt/Src/qtscript/tests/auto/qscriptqwidgets\tst_qscriptqwidgets.vcxproj", "{A6E5FC17-F281-3275-9441-E64D018484AC}"
EndProject
Global
	GlobalSection(SolutionConfigurationPlatforms) = preSolution
		Debug|x64 = Debug|x64
		Release|x64 = Release|x64
	EndGlobalSection
	GlobalSection(ProjectConfigurationPlatforms) = postSolution
		{2BF7B4F9-5A4F-3CD7-8EA8-3A1B0E33EB43}.Debug|x64.ActiveCfg = Debug|x64
		{2BF7B4F9-5A4F-3CD7-8EA8-3A1B0E33EB43}.Debug|x64.Build.0 = Debug|x64
		{2BF7B4F9-5A4F-3CD7-8EA8-3A1B0E33EB43}.Release|x64.ActiveCfg = Release|x64
		{2BF7B4F9-5A4F-3CD7-8EA8-3A1B0E33EB43}.Release|x64.Build.0 = Release|x64
		{EADB6155-9F47-33B7-97F3-7C8035EA073F}.Debug|x64.ActiveCfg = Debug|x64
		{EADB6155-9F47-33B7-97F3-7C8035EA073F}.Debug|x64.Build.0 = Debug|x64
		{EADB6155-9F47-33B7-97F3-7C8035EA073F}.Release|x64.ActiveCfg = Release|x64
		{EADB6155-9F47-33B7-97F3-7C8035EA073F}.Release|x64.Build.0 = Release|x64
		{8A300591-6BFD-3487-A35E-E74F50A2B278}.Debug|x64.ActiveCfg = Debug|x64
		{8A300591-6BFD-3487-A35E-E74F50A2B278}.Debug|x64.Build.0 = Debug|x64
		{8A300591-6BFD-3487-A35E-E74F50A2B278}.Release|x64.ActiveCfg = Release|x64
		{8A300591-6BFD-3487-A35E-E74F50A2B278}.Release|x64.Build.0 = Release|x64
		{F3051BCF-FE2D-3609-8EDB-F93534A60DA2}.Debug|x64.ActiveCfg = Debug|x64
		{F3051BCF-FE2D-3609-8EDB-F93534A60DA2}.Debug|x64.Build.0 = Debug|x64
		{F3051BCF-FE2D-3609-8EDB-F93534A60DA2}.Release|x64.ActiveCfg = Release|x64
		{F3051BCF-FE2D-3609-8EDB-F93534A60DA2}.Release|x64.Build.0 = Release|x64
		{53856A2A-18AF-3004-9404-D3C0B6FDC40E}.Debug|x64.ActiveCfg = Debug|x64
		{53856A2A-18AF-3004-9404-D3C0B6FDC40E}.Debug|x64.Build.0 = Debug|x64
		{53856A2A-18AF-3004-9404-D3C0B6FDC40E}.Release|x64.ActiveCfg = Release|x64
		{53856A2A-18AF-3004-9404-D3C0B6FDC40E}.Release|x64.Build.0 = Release|x64
		{F97297DE-0028-3483-856A-E54AF3BECF5C}.Debug|x64.ActiveCfg = Debug|x64
		{F97297DE-0028-3483-856A-E54AF3BECF5C}.Debug|x64.Build.0 = Debug|x64
		{F97297DE-0028-3483-856A-E54AF3BECF5C}.Release|x64.ActiveCfg = Release|x64
		{F97297DE-0028-3483-856A-E54AF3BECF5C}.Release|x64.Build.0 = Release|x64
		{829CA847-82EB-39A9-9E75-9ACDBD2A286B}.Debug|x64.ActiveCfg = Debug|x64
		{829CA847-82EB-39A9-9E75-9ACDBD2A286B}.Debug|x64.Build.0 = Debug|x64
		{829CA847-82EB-39A9-9E75-9ACDBD2A286B}.Release|x64.ActiveCfg = Release|x64
		{829CA847-82EB-39A9-9E75-9ACDBD2A286B}.Release|x64.Build.0 = Release|x64
		{4DACE961-BB29-3DD1-8A6C-19E02D62552E}.Debug|x64.ActiveCfg = Debug|x64
		{4DACE961-BB29-3DD1-8A6C-19E02D62552E}.Debug|x64.Build.0 = Debug|x64
		{4DACE961-BB29-3DD1-8A6C-19E02D62552E}.Release|x64.ActiveCfg = Release|x64
		{4DACE961-BB29-3DD1-8A6C-19E02D62552E}.Release|x64.Build.0 = Release|x64
		{12B6EFF7-D3E4-326D-BCF5-451AC86441D8}.Debug|x64.ActiveCfg = Debug|x64
		{12B6EFF7-D3E4-326D-BCF5-451AC86441D8}.Debug|x64.Build.0 = Debug|x64
		{12B6EFF7-D3E4-326D-BCF5-451AC86441D8}.Release|x64.ActiveCfg = Release|x64
		{12B6EFF7-D3E4-326D-BCF5-451AC86441D8}.Release|x64.Build.0 = Release|x64
		{853C2012-EB82-3DF9-A459-D06D0FF938E7}.Debug|x64.ActiveCfg = Debug|x64
		{853C2012-EB82-3DF9-A459-D06D0FF938E7}.Debug|x64.Build.0 = Debug|x64
		{853C2012-EB82-3DF9-A459-D06D0FF938E7}.Release|x64.ActiveCfg = Release|x64
		{853C2012-EB82-3DF9-A459-D06D0FF938E7}.Release|x64.Build.0 = Release|x64
		{412F79C6-E5EE-3C28-BF5D-14DA2682778C}.Debug|x64.ActiveCfg = Debug|x64
		{412F79C6-E5EE-3C28-BF5D-14DA2682778C}.Debug|x64.Build.0 = Debug|x64
		{412F79C6-E5EE-3C28-BF5D-14DA2682778C}.Release|x64.ActiveCfg = Release|x64
		{412F79C6-E5EE-3C28-BF5D-14DA2682778C}.Release|x64.Build.0 = Release|x64
		{6AF733B7-01B8-3A0B-9D11-5F3F868F4630}.Debug|x64.ActiveCfg = Debug|x64
		{6AF733B7-01B8-3A0B-9D11-5F3F868F4630}.Debug|x64.Build.0 = Debug|x64
		{6AF733B7-01B8-3A0B-9D11-5F3F868F4630}.Release|x64.ActiveCfg = Release|x64
		{6AF733B7-01B8-3A0B-9D11-5F3F868F4630}.Release|x64.Build.0 = Release|x64
		{4B7770C3-7D7D-3C7B-99BE-37BF4E1ACFB9}.Debug|x64.ActiveCfg = Debug|x64
		{4B7770C3-7D7D-3C7B-99BE-37BF4E1ACFB9}.Debug|x64.Build.0 = Debug|x64
		{4B7770C3-7D7D-3C7B-99BE-37BF4E1ACFB9}.Release|x64.ActiveCfg = Release|x64
		{4B7770C3-7D7D-3C7B-99BE-37BF4E1ACFB9}.Release|x64.Build.0 = Release|x64
		{E148AFC0-9876-3787-B4DD-4798CFD9A1FD}.Debug|x64.ActiveCfg = Debug|x64
		{E148AFC0-9876-3787-B4DD-4798CFD9A1FD}.Debug|x64.Build.0 = Debug|x64
		{E148AFC0-9876-3787-B4DD-4798CFD9A1FD}.Release|x64.ActiveCfg = Release|x64
		{E148AFC0-9876-3787-B4DD-4798CFD9A1FD}.Release|x64.Build.0 = Release|x64
		{25D6E387-6FFE-3D8D-9D2E-448DF2A411C2}.Debug|x64.ActiveCfg = Debug|x64
		{25D6E387-6FFE-3D8D-9D2E-448DF2A411C2}.Debug|x64.Build.0 = Debug|x64
		{25D6E387-6FFE-3D8D-9D2E-448DF2A411C2}.Release|x64.ActiveCfg = Release|x64
		{25D6E387-6FFE-3D8D-9D2E-448DF2A411C2}.Release|x64.Build.0 = Release|x64
		{A6E5FC17-F281-3275-9441-E64D018484AC}.Debug|x64.ActiveCfg = Debug|x64
		{A6E5FC17-F281-3275-9441-E64D018484AC}.Debug|x64.Build.0 = Debug|x64
		{A6E5FC17-F281-3275-9441-E64D018484AC}.Release|x64.ActiveCfg = Release|x64
		{A6E5FC17-F281-3275-9441-E64D018484AC}.Release|x64.Build.0 = Release|x64
	EndGlobalSection
	GlobalSection(ExtensibilityGlobals) = postSolution
	EndGlobalSection
	GlobalSection(ExtensibilityAddIns) = postSolution
	EndGlobalSection
EndGlobal