<?xml version="1.0" encoding="utf-8"?>
<Project xmlns="http://schemas.microsoft.com/developer/msbuild/2003">
  <ItemGroup>
    <Filter Include="Generated Files">
      <UniqueIdentifier>{71ED8ED8-ACB9-4CE9-BBE1-E00B30144E11}</UniqueIdentifier>
      <Extensions>cpp;c;cxx;moc;h;def;odl;idl;res;</Extensions>
    </Filter>
    <Filter Include="Generated Files">
      <UniqueIdentifier>{71ED8ED8-ACB9-4CE9-BBE1-E00B30144E11}</UniqueIdentifier>
      <Extensions>cpp;c;cxx;moc;h;def;odl;idl;res;</Extensions>
    </Filter>
    <Filter Include="Resource Files">
      <UniqueIdentifier>{D9D6E242-F8AF-46E4-B9FD-80ECBC20BA3E}</UniqueIdentifier>
      <Extensions>qrc;*</Extensions>
      <ParseFiles>false</ParseFiles>
    </Filter>
    <Filter Include="Resource Files">
      <UniqueIdentifier>{D9D6E242-F8AF-46E4-B9FD-80ECBC20BA3E}</UniqueIdentifier>
      <Extensions>qrc;*</Extensions>
      <ParseFiles>false</ParseFiles>
    </Filter>
    <Filter Include="Source Files">
      <UniqueIdentifier>{4FC737F1-C7A5-4376-A066-2A32D752A2FF}</UniqueIdentifier>
      <Extensions>cpp;c;cxx;def;odl;idl;hpj;bat;asm;asmx</Extensions>
    </Filter>
    <Filter Include="Source Files">
      <UniqueIdentifier>{4FC737F1-C7A5-4376-A066-2A32D752A2FF}</UniqueIdentifier>
      <Extensions>cpp;c;cxx;def;odl;idl;hpj;bat;asm;asmx</Extensions>
    </Filter>
  </ItemGroup>
  <ItemGroup>
    <QtMoc Include="main.cpp">
      <Filter>Source Files</Filter>
    </QtMoc>
  </ItemGroup>
  <ItemGroup>
    
    
  </ItemGroup>
  <ItemGroup>
    <None Include="images\Time-For-Lunch-2.jpg">
      <Filter>Resource Files</Filter>
    </None>
    <QtRcc Include="animatedtiles.qrc">
      <Filter>Resource Files</Filter>
    </QtRcc>
    <None Include="images\centered.png">
      <Filter>Resource Files</Filter>
    </None>
    <None Include="images\ellipse.png">
      <Filter>Resource Files</Filter>
    </None>
    <None Include="images\figure8.png">
      <Filter>Resource Files</Filter>
    </None>
    <None Include="images\kinetic.png">
      <Filter>Resource Files</Filter>
    </None>
    <None Include="images\random.png">
      <Filter>Resource Files</Filter>
    </None>
    <None Include="images\tile.png">
      <Filter>Resource Files</Filter>
    </None>
  </ItemGroup>
</Project>