Microsoft Visual Studio Solution File, Format Version 12.00
# Visual Studio 2013
Project("{8BC9CEB8-8B4A-11D0-8D11-00A0C91BC942}") = "tst_qabstractitemview", "F:/qt/Src/qtbase/tests/auto/widgets/itemviews/qabstractitemview\tst_qabstractitemview.vcxproj", "{11261D48-1769-31D7-A738-C415CC21FBA4}"
EndProject
Project("{8BC9CEB8-8B4A-11D0-8D11-00A0C91BC942}") = "tst_qdatawidgetmapper", "F:/qt/Src/qtbase/tests/auto/widgets/itemviews/qdatawidgetmapper\tst_qdatawidgetmapper.vcxproj", "{076A8295-AAA6-3A2E-B2E4-C169B66271C2}"
EndProject
Project("{8BC9CEB8-8B4A-11D0-8D11-00A0C91BC942}") = "tst_qdirmodel", "F:/qt/Src/qtbase/tests/auto/widgets/itemviews/qdirmodel\tst_qdirmodel.vcxproj", "{F48B0AB3-57FC-3AC8-83F1-57BB0129E2B0}"
EndProject
Project("{8BC9CEB8-8B4A-11D0-8D11-00A0C91BC942}") = "tst_qfileiconprovider", "F:/qt/Src/qtbase/tests/auto/widgets/itemviews/qfileiconprovider\tst_qfileiconprovider.vcxproj", "{5492DA8A-2A52-3166-A52A-5F3606771A7E}"
EndProject
Project("{8BC9CEB8-8B4A-11D0-8D11-00A0C91BC942}") = "tst_qheaderview", "F:/qt/Src/qtbase/tests/auto/widgets/itemviews/qheaderview\tst_qheaderview.vcxproj", "{66EA5DF1-DDFB-30DC-A9B3-264515112B38}"
EndProject
Project("{8BC9CEB8-8B4A-11D0-8D11-00A0C91BC942}") = "tst_qitemdelegate", "F:/qt/Src/qtbase/tests/auto/widgets/itemviews/qitemdelegate\tst_qitemdelegate.vcxproj", "{4AE572E1-65AD-3417-80C1-50897E7BF6C0}"
EndProject
Project("{8BC9CEB8-8B4A-11D0-8D11-00A0C91BC942}") = "tst_qitemeditorfactory", "F:/qt/Src/qtbase/tests/auto/widgets/itemviews/qitemeditorfactory\tst_qitemeditorfactory.vcxproj", "{BD6F3937-6742-340F-8ADD-FBD3EBA0FE4A}"
EndProject
Project("{8BC9CEB8-8B4A-11D0-8D11-00A0C91BC942}") = "tst_qitemview", "F:/qt/Src/qtbase/tests/auto/widgets/itemviews/qitemview\tst_qitemview.vcxproj", "{7916B8B3-5915-3C96-B3AF-87A8C810F58B}"
EndProject
Project("{8BC9CEB8-8B4A-11D0-8D11-00A0C91BC942}") = "tst_qlistview", "F:/qt/Src/qtbase/tests/auto/widgets/itemviews/qlistview\tst_qlistview.vcxproj", "{E251925D-F374-3D35-98EE-5F211E54790B}"
EndProject
Project("{8BC9CEB8-8B4A-11D0-8D11-00A0C91BC942}") = "tst_qtableview", "F:/qt/Src/qtbase/tests/auto/widgets/itemviews/qtableview\tst_qtableview.vcxproj", "{40F1C570-A6DD-3E3C-AB91-77850346A56A}"
EndProject
Project("{8BC9CEB8-8B4A-11D0-8D11-00A0C91BC942}") = "tst_qtablewidget", "F:/qt/Src/qtbase/tests/auto/widgets/itemviews/qtablewidget\tst_qtablewidget.vcxproj", "{F48D808C-167C-3597-AE57-1EBF7B2E27CE}"
EndProject
Project("{8BC9CEB8-8B4A-11D0-8D11-00A0C91BC942}") = "tst_qtreeview", "F:/qt/Src/qtbase/tests/auto/widgets/itemviews/qtreeview\tst_qtreeview.vcxproj", "{E6A63CF9-415D-3236-9321-3896F2E8765A}"
EndProject
Project("{8BC9CEB8-8B4A-11D0-8D11-00A0C91BC942}") = "tst_qtreewidget", "F:/qt/Src/qtbase/tests/auto/widgets/itemviews/qtreewidget\tst_qtreewidget.vcxproj", "{135C6A91-FFC3-3804-80E9-CFF4013EFDF8}"
EndProject
Project("{8BC9CEB8-8B4A-11D0-8D11-00A0C91BC942}") = "tst_qtreewidgetitemiterator", "F:/qt/Src/qtbase/tests/auto/widgets/itemviews/qtreewidgetitemiterator\tst_qtreewidgetitemiterator.vcxproj", "{D1CA2300-5CCC-3293-85A0-2283F40A6F57}"
EndProject
Global
	GlobalSection(SolutionConfigurationPlatforms) = preSolution
		Debug|x64 = Debug|x64
		Release|x64 = Release|x64
	EndGlobalSection
	GlobalSection(ProjectConfigurationPlatforms) = postSolution
		{11261D48-1769-31D7-A738-C415CC21FBA4}.Debug|x64.ActiveCfg = Debug|x64
		{11261D48-1769-31D7-A738-C415CC21FBA4}.Debug|x64.Build.0 = Debug|x64
		{11261D48-1769-31D7-A738-C415CC21FBA4}.Release|x64.ActiveCfg = Release|x64
		{11261D48-1769-31D7-A738-C415CC21FBA4}.Release|x64.Build.0 = Release|x64
		{076A8295-AAA6-3A2E-B2E4-C169B66271C2}.Debug|x64.ActiveCfg = Debug|x64
		{076A8295-AAA6-3A2E-B2E4-C169B66271C2}.Debug|x64.Build.0 = Debug|x64
		{076A8295-AAA6-3A2E-B2E4-C169B66271C2}.Release|x64.ActiveCfg = Release|x64
		{076A8295-AAA6-3A2E-B2E4-C169B66271C2}.Release|x64.Build.0 = Release|x64
		{F48B0AB3-57FC-3AC8-83F1-57BB0129E2B0}.Debug|x64.ActiveCfg = Debug|x64
		{F48B0AB3-57FC-3AC8-83F1-57BB0129E2B0}.Debug|x64.Build.0 = Debug|x64
		{F48B0AB3-57FC-3AC8-83F1-57BB0129E2B0}.Release|x64.ActiveCfg = Release|x64
		{F48B0AB3-57FC-3AC8-83F1-57BB0129E2B0}.Release|x64.Build.0 = Release|x64
		{5492DA8A-2A52-3166-A52A-5F3606771A7E}.Debug|x64.ActiveCfg = Debug|x64
		{5492DA8A-2A52-3166-A52A-5F3606771A7E}.Debug|x64.Build.0 = Debug|x64
		{5492DA8A-2A52-3166-A52A-5F3606771A7E}.Release|x64.ActiveCfg = Release|x64
		{5492DA8A-2A52-3166-A52A-5F3606771A7E}.Release|x64.Build.0 = Release|x64
		{66EA5DF1-DDFB-30DC-A9B3-264515112B38}.Debug|x64.ActiveCfg = Debug|x64
		{66EA5DF1-DDFB-30DC-A9B3-264515112B38}.Debug|x64.Build.0 = Debug|x64
		{66EA5DF1-DDFB-30DC-A9B3-264515112B38}.Release|x64.ActiveCfg = Release|x64
		{66EA5DF1-DDFB-30DC-A9B3-264515112B38}.Release|x64.Build.0 = Release|x64
		{4AE572E1-65AD-3417-80C1-50897E7BF6C0}.Debug|x64.ActiveCfg = Debug|x64
		{4AE572E1-65AD-3417-80C1-50897E7BF6C0}.Debug|x64.Build.0 = Debug|x64
		{4AE572E1-65AD-3417-80C1-50897E7BF6C0}.Release|x64.ActiveCfg = Release|x64
		{4AE572E1-65AD-3417-80C1-50897E7BF6C0}.Release|x64.Build.0 = Release|x64
		{BD6F3937-6742-340F-8ADD-FBD3EBA0FE4A}.Debug|x64.ActiveCfg = Debug|x64
		{BD6F3937-6742-340F-8ADD-FBD3EBA0FE4A}.Debug|x64.Build.0 = Debug|x64
		{BD6F3937-6742-340F-8ADD-FBD3EBA0FE4A}.Release|x64.ActiveCfg = Release|x64
		{BD6F3937-6742-340F-8ADD-FBD3EBA0FE4A}.Release|x64.Build.0 = Release|x64
		{7916B8B3-5915-3C96-B3AF-87A8C810F58B}.Debug|x64.ActiveCfg = Debug|x64
		{7916B8B3-5915-3C96-B3AF-87A8C810F58B}.Debug|x64.Build.0 = Debug|x64
		{7916B8B3-5915-3C96-B3AF-87A8C810F58B}.Release|x64.ActiveCfg = Release|x64
		{7916B8B3-5915-3C96-B3AF-87A8C810F58B}.Release|x64.Build.0 = Release|x64
		{E251925D-F374-3D35-98EE-5F211E54790B}.Debug|x64.ActiveCfg = Debug|x64
		{E251925D-F374-3D35-98EE-5F211E54790B}.Debug|x64.Build.0 = Debug|x64
		{E251925D-F374-3D35-98EE-5F211E54790B}.Release|x64.ActiveCfg = Release|x64
		{E251925D-F374-3D35-98EE-5F211E54790B}.Release|x64.Build.0 = Release|x64
		{40F1C570-A6DD-3E3C-AB91-77850346A56A}.Debug|x64.ActiveCfg = Debug|x64
		{40F1C570-A6DD-3E3C-AB91-77850346A56A}.Debug|x64.Build.0 = Debug|x64
		{40F1C570-A6DD-3E3C-AB91-77850346A56A}.Release|x64.ActiveCfg = Release|x64
		{40F1C570-A6DD-3E3C-AB91-77850346A56A}.Release|x64.Build.0 = Release|x64
		{F48D808C-167C-3597-AE57-1EBF7B2E27CE}.Debug|x64.ActiveCfg = Debug|x64
		{F48D808C-167C-3597-AE57-1EBF7B2E27CE}.Debug|x64.Build.0 = Debug|x64
		{F48D808C-167C-3597-AE57-1EBF7B2E27CE}.Release|x64.ActiveCfg = Release|x64
		{F48D808C-167C-3597-AE57-1EBF7B2E27CE}.Release|x64.Build.0 = Release|x64
		{E6A63CF9-415D-3236-9321-3896F2E8765A}.Debug|x64.ActiveCfg = Debug|x64
		{E6A63CF9-415D-3236-9321-3896F2E8765A}.Debug|x64.Build.0 = Debug|x64
		{E6A63CF9-415D-3236-9321-3896F2E8765A}.Release|x64.ActiveCfg = Release|x64
		{E6A63CF9-415D-3236-9321-3896F2E8765A}.Release|x64.Build.0 = Release|x64
		{135C6A91-FFC3-3804-80E9-CFF4013EFDF8}.Debug|x64.ActiveCfg = Debug|x64
		{135C6A91-FFC3-3804-80E9-CFF4013EFDF8}.Debug|x64.Build.0 = Debug|x64
		{135C6A91-FFC3-3804-80E9-CFF4013EFDF8}.Release|x64.ActiveCfg = Release|x64
		{135C6A91-FFC3-3804-80E9-CFF4013EFDF8}.Release|x64.Build.0 = Release|x64
		{D1CA2300-5CCC-3293-85A0-2283F40A6F57}.Debug|x64.ActiveCfg = Debug|x64
		{D1CA2300-5CCC-3293-85A0-2283F40A6F57}.Debug|x64.Build.0 = Debug|x64
		{D1CA2300-5CCC-3293-85A0-2283F40A6F57}.Release|x64.ActiveCfg = Release|x64
		{D1CA2300-5CCC-3293-85A0-2283F40A6F57}.Release|x64.Build.0 = Release|x64
	EndGlobalSection
	GlobalSection(ExtensibilityGlobals) = postSolution
	EndGlobalSection
	GlobalSection(ExtensibilityAddIns) = postSolution
	EndGlobalSection
EndGlobal