<?xml version="1.0" encoding="utf-8"?>
<Project xmlns="http://schemas.microsoft.com/developer/msbuild/2003">
  <ItemGroup>
    <Filter Include="Generated Files">
      <UniqueIdentifier>{71ED8ED8-ACB9-4CE9-BBE1-E00B30144E11}</UniqueIdentifier>
      <Extensions>cpp;c;cxx;moc;h;def;odl;idl;res;</Extensions>
    </Filter>
    <Filter Include="Generated Files">
      <UniqueIdentifier>{71ED8ED8-ACB9-4CE9-BBE1-E00B30144E11}</UniqueIdentifier>
      <Extensions>cpp;c;cxx;moc;h;def;odl;idl;res;</Extensions>
    </Filter>
    <Filter Include="Header Files">
      <UniqueIdentifier>{93995380-89BD-4b04-88EB-625FBE52EBFB}</UniqueIdentifier>
      <Extensions>h;hpp;hxx;hm;inl;inc;xsd</Extensions>
    </Filter>
    <Filter Include="Header Files">
      <UniqueIdentifier>{93995380-89BD-4b04-88EB-625FBE52EBFB}</UniqueIdentifier>
      <Extensions>h;hpp;hxx;hm;inl;inc;xsd</Extensions>
    </Filter>
    <Filter Include="Source Files">
      <UniqueIdentifier>{4FC737F1-C7A5-4376-A066-2A32D752A2FF}</UniqueIdentifier>
      <Extensions>cpp;c;cxx;def;odl;idl;hpj;bat;asm;asmx</Extensions>
    </Filter>
    <Filter Include="Source Files">
      <UniqueIdentifier>{4FC737F1-C7A5-4376-A066-2A32D752A2FF}</UniqueIdentifier>
      <Extensions>cpp;c;cxx;def;odl;idl;hpj;bat;asm;asmx</Extensions>
    </Filter>
  </ItemGroup>
  <ItemGroup>
    <ClCompile Include="charts\xyseries\areachart.cpp">
      <Filter>Source Files</Filter>
    </ClCompile>
    <ClCompile Include="charts\axis\barcategoryaxisx.cpp">
      <Filter>Source Files</Filter>
    </ClCompile>
    <ClCompile Include="charts\axis\barcategoryaxisxlogy.cpp">
      <Filter>Source Files</Filter>
    </ClCompile>
    <ClCompile Include="charts\axis\barcategoryaxisy.cpp">
      <Filter>Source Files</Filter>
    </ClCompile>
    <ClCompile Include="charts\axis\barcategoryaxisylogx.cpp">
      <Filter>Source Files</Filter>
    </ClCompile>
    <ClCompile Include="charts\domain\barlogx.cpp">
      <Filter>Source Files</Filter>
    </ClCompile>
    <ClCompile Include="charts\domain\barlogy.cpp">
      <Filter>Source Files</Filter>
    </ClCompile>
    <ClCompile Include="charts\domain\barpercentlogx.cpp">
      <Filter>Source Files</Filter>
    </ClCompile>
    <ClCompile Include="charts\domain\barpercentlogy.cpp">
      <Filter>Source Files</Filter>
    </ClCompile>
    <ClCompile Include="charts\domain\barstackedlogx.cpp">
      <Filter>Source Files</Filter>
    </ClCompile>
    <ClCompile Include="charts\domain\barstackedlogy.cpp">
      <Filter>Source Files</Filter>
    </ClCompile>
    <ClCompile Include="charts\axis\categoryaxis.cpp">
      <Filter>Source Files</Filter>
    </ClCompile>
    <ClCompile Include="charts\axis\datetimeaxisx.cpp">
      <Filter>Source Files</Filter>
    </ClCompile>
    <ClCompile Include="charts\axis\datetimeaxisy.cpp">
      <Filter>Source Files</Filter>
    </ClCompile>
    <ClCompile Include="charts\pieseries\donutchart.cpp">
      <Filter>Source Files</Filter>
    </ClCompile>
    <ClCompile Include="charts\font\font.cpp">
      <Filter>Source Files</Filter>
    </ClCompile>
    <ClCompile Include="grid.cpp">
      <Filter>Source Files</Filter>
    </ClCompile>
    <ClCompile Include="charts\barseries\horizontalbarchart.cpp">
      <Filter>Source Files</Filter>
    </ClCompile>
    <ClCompile Include="charts\barseries\horizontalpercentbarchart.cpp">
      <Filter>Source Files</Filter>
    </ClCompile>
    <ClCompile Include="charts\barseries\horizontalstackedbarchart.cpp">
      <Filter>Source Files</Filter>
    </ClCompile>
    <ClCompile Include="charts\xyseries\linechart.cpp">
      <Filter>Source Files</Filter>
    </ClCompile>
    <ClCompile Include="charts\domain\linelogxlogy.cpp">
      <Filter>Source Files</Filter>
    </ClCompile>
    <ClCompile Include="charts\domain\linelogxy.cpp">
      <Filter>Source Files</Filter>
    </ClCompile>
    <ClCompile Include="charts\domain\linexlogy.cpp">
      <Filter>Source Files</Filter>
    </ClCompile>
    <ClCompile Include="charts\axis\logvalueaxisx.cpp">
      <Filter>Source Files</Filter>
    </ClCompile>
    <ClCompile Include="charts\axis\logvalueaxisy.cpp">
      <Filter>Source Files</Filter>
    </ClCompile>
    <ClCompile Include="main.cpp">
      <Filter>Source Files</Filter>
    </ClCompile>
    <ClCompile Include="charts\multiaxis\multivalueaxis.cpp">
      <Filter>Source Files</Filter>
    </ClCompile>
    <ClCompile Include="charts\multiaxis\multivalueaxis2.cpp">
      <Filter>Source Files</Filter>
    </ClCompile>
    <ClCompile Include="charts\multiaxis\multivalueaxis3.cpp">
      <Filter>Source Files</Filter>
    </ClCompile>
    <ClCompile Include="charts\multiaxis\multivalueaxis4.cpp">
      <Filter>Source Files</Filter>
    </ClCompile>
    <ClCompile Include="charts\multiaxis\multivaluebaraxis.cpp">
      <Filter>Source Files</Filter>
    </ClCompile>
    <ClCompile Include="charts\pieseries\piechart.cpp">
      <Filter>Source Files</Filter>
    </ClCompile>
    <ClCompile Include="charts\xyseries\scatterchart.cpp">
      <Filter>Source Files</Filter>
    </ClCompile>
    <ClCompile Include="charts\domain\scatterlogxlogy.cpp">
      <Filter>Source Files</Filter>
    </ClCompile>
    <ClCompile Include="charts\domain\scatterlogxy.cpp">
      <Filter>Source Files</Filter>
    </ClCompile>
    <ClCompile Include="charts\domain\scatterxlogy.cpp">
      <Filter>Source Files</Filter>
    </ClCompile>
    <ClCompile Include="charts\size\sizecharts.cpp">
      <Filter>Source Files</Filter>
    </ClCompile>
    <ClCompile Include="charts\xyseries\splinechart.cpp">
      <Filter>Source Files</Filter>
    </ClCompile>
    <ClCompile Include="charts\domain\splinelogxlogy.cpp">
      <Filter>Source Files</Filter>
    </ClCompile>
    <ClCompile Include="charts\domain\splinelogxy.cpp">
      <Filter>Source Files</Filter>
    </ClCompile>
    <ClCompile Include="charts\domain\splinexlogy.cpp">
      <Filter>Source Files</Filter>
    </ClCompile>
    <ClCompile Include="charts\axis\valueaxis.cpp">
      <Filter>Source Files</Filter>
    </ClCompile>
    <ClCompile Include="charts\barseries\verticalbarchart.cpp">
      <Filter>Source Files</Filter>
    </ClCompile>
    <ClCompile Include="charts\barseries\verticalpercentbarchart.cpp">
      <Filter>Source Files</Filter>
    </ClCompile>
    <ClCompile Include="charts\barseries\verticalstackedbarchart.cpp">
      <Filter>Source Files</Filter>
    </ClCompile>
    <ClCompile Include="view.cpp">
      <Filter>Source Files</Filter>
    </ClCompile>
    <ClCompile Include="window.cpp">
      <Filter>Source Files</Filter>
    </ClCompile>
  </ItemGroup>
  <ItemGroup>
    <ClInclude Include="charts.h">
      <Filter>Header Files</Filter>
    </ClInclude>
    <QtMoc Include="grid.h">
      <Filter>Header Files</Filter>
    </QtMoc>
    <ClInclude Include="model.h">
      <Filter>Header Files</Filter>
    </ClInclude>
    <ClInclude Include="view.h">
      <Filter>Header Files</Filter>
    </ClInclude>
    <QtMoc Include="window.h">
      <Filter>Header Files</Filter>
    </QtMoc>
  </ItemGroup>
</Project>